
Microsoft Visual Studio Solution File, Format Version 12.00
# Visual Studio 15
VisualStudioVersion = 15.0.27130.2024
MinimumVisualStudioVersion = 10.0.40219.1
Project("{9092AA53-FB77-4645-B42D-1CCCA6BD08BD}") = "ReeemGame-local-vs", "ReeemGame-local-vs.njsproj", "{0289DACC-E2F0-4F9C-B57E-EDE89E35D0CD}"
EndProject
Global
	GlobalSection(SolutionConfigurationPlatforms) = preSolution
		Debug|Any CPU = Debug|Any CPU
		Release|Any CPU = Release|Any CPU
	EndGlobalSection
	GlobalSection(ProjectConfigurationPlatforms) = postSolution
		{0289DACC-E2F0-4F9C-B57E-EDE89E35D0CD}.Debug|Any CPU.ActiveCfg = Debug|Any CPU
		{0289DACC-E2F0-4F9C-B57E-EDE89E35D0CD}.Debug|Any CPU.Build.0 = Debug|Any CPU
		{0289DACC-E2F0-4F9C-B57E-EDE89E35D0CD}.Release|Any CPU.ActiveCfg = Release|Any CPU
		{0289DACC-E2F0-4F9C-B57E-EDE89E35D0CD}.Release|Any CPU.Build.0 = Release|Any CPU
	EndGlobalSection
	GlobalSection(SolutionProperties) = preSolution
		HideSolutionNode = FALSE
	EndGlobalSection
	GlobalSection(ExtensibilityGlobals) = postSolution
		SolutionGuid = {F277AC7A-C1B4-4EC6-B851-70A8D8E4CC47}
	EndGlobalSection
EndGlobal
